
Microsoft Visual Studio Solution File, Format Version 12.00
# Visual Studio Version 17
VisualStudioVersion = 17.5.33530.505
MinimumVisualStudioVersion = 10.0.40219.1
Project("{FAE04EC0-301F-11D3-BF4B-00C04F79EFBC}") = "EduMetricsApi", "EduMetricsApi\EduMetricsApi.csproj", "{6C53553A-8644-47CA-B753-C20273B55ED0}"
EndProject
Global
	GlobalSection(SolutionConfigurationPlatforms) = preSolution
		Debug|Any CPU = Debug|Any CPU
		Release|Any CPU = Release|Any CPU
	EndGlobalSection
	GlobalSection(ProjectConfigurationPlatforms) = postSolution
		{6C53553A-8644-47CA-B753-C20273B55ED0}.Debug|Any CPU.ActiveCfg = Debug|Any CPU
		{6C53553A-8644-47CA-B753-C20273B55ED0}.Debug|Any CPU.Build.0 = Debug|Any CPU
		{6C53553A-8644-47CA-B753-C20273B55ED0}.Release|Any CPU.ActiveCfg = Release|Any CPU
		{6C53553A-8644-47CA-B753-C20273B55ED0}.Release|Any CPU.Build.0 = Release|Any CPU
	EndGlobalSection
	GlobalSection(SolutionProperties) = preSolution
		HideSolutionNode = FALSE
	EndGlobalSection
	GlobalSection(ExtensibilityGlobals) = postSolution
		SolutionGuid = {836D968A-7BA7-414C-94BE-8F74484ADACC}
	EndGlobalSection
EndGlobal
